// !$*UTF8*$!
{
	archiveVersion = 1;
	classes = {
	};
	objectVersion = 46;
	objects = {

/* Begin PBXBuildFile section */
		F3EAD4462021882D00C7692B /* AppDelegate.swift in Sources */ = {isa = PBXBuildFile; fileRef = F3EAD4452021882D00C7692B /* AppDelegate.swift */; };
		F3EAD4482021882D00C7692B /* ConcentrationVC.swift in Sources */ = {isa = PBXBuildFile; fileRef = F3EAD4472021882D00C7692B /* ConcentrationVC.swift */; };
		F3EAD44B2021882D00C7692B /* Main.storyboard in Resources */ = {isa = PBXBuildFile; fileRef = F3EAD4492021882D00C7692B /* Main.storyboard */; };
		F3EAD44D2021882D00C7692B /* Assets.xcassets in Resources */ = {isa = PBXBuildFile; fileRef = F3EAD44C2021882D00C7692B /* Assets.xcassets */; };
		F3EAD4502021882D00C7692B /* LaunchScreen.storyboard in Resources */ = {isa = PBXBuildFile; fileRef = F3EAD44E2021882D00C7692B /* LaunchScreen.storyboard */; };
/* End PBXBuildFile section */

/* Begin PBXFileReference section */
		F3EAD4422021882D00C7692B /* Concentration.app */ = {isa = PBXFileReference; explicitFileType = wrapper.application; includeInIndex = 0; path = Concentration.app; sourceTree = BUILT_PRODUCTS_DIR; };
		F3EAD4452021882D00C7692B /* AppDelegate.swift */ = {isa = PBXFileReference; lastKnownFileType = sourcecode.swift; path = AppDelegate.swift; sourceTree = "<group>"; };
		F3EAD4472021882D00C7692B /* ConcentrationVC.swift */ = {isa = PBXFileReference; lastKnownFileType = sourcecode.swift; path = ConcentrationVC.swift; sourceTree = "<group>"; };
		F3EAD44A2021882D00C7692B /* Base */ = {isa = PBXFileReference; lastKnownFileType = file.storyboard; name = Base; path = Base.lproj/Main.storyboard; sourceTree = "<group>"; };
		F3EAD44C2021882D00C7692B /* Assets.xcassets */ = {isa = PBXFileReference; lastKnownFileType = folder.assetcatalog; path = Assets.xcassets; sourceTree = "<group>"; };
		F3EAD44F2021882D00C7692B /* Base */ = {isa = PBXFileReference; lastKnownFileType = file.storyboard; name = Base; path = Base.lproj/LaunchScreen.storyboard; sourceTree = "<group>"; };
		F3EAD4512021882D00C7692B /* Info.plist */ = {isa = PBXFileReference; lastKnownFileType = text.plist.xml; path = Info.plist; sourceTree = "<group>"; };
/* End PBXFileReference section */

/* Begin PBXFrameworksBuildPhase section */
		F3EAD43F2021882D00C7692B /* Frameworks */ = {
			isa = PBXFrameworksBuildPhase;
			buildActionMask = 2147483647;
			files = (
			);
			runOnlyForDeploymentPostprocessing = 0;
		};
/* End PBXFrameworksBuildPhase section */

/* Begin PBXGroup section */
		F3EAD4392021882D00C7692B = {
			isa = PBXGroup;
			children = (
				F3EAD4442021882D00C7692B /* Concentration */,
				F3EAD4432021882D00C7692B /* Products */,
			);
			sourceTree = "<group>";
		};
		F3EAD4432021882D00C7692B /* Products */ = {
			isa = PBXGroup;
			children = (
				F3EAD4422021882D00C7692B /* Concentration.app */,
			);
			name = Products;
			sourceTree = "<group>";
		};
		F3EAD4442021882D00C7692B /* Concentration */ = {
			isa = PBXGroup;
			children = (
				F3EAD45A20218FAA00C7692B /* Model */,
				F3EAD45820218F9A00C7692B /* Controller */,
				F3EAD45720218F8F00C7692B /* Supporting Files */,
				F3EAD45920218FA200C7692B /* View */,
			);
			path = Concentration;
			sourceTree = "<group>";
		};
		F3EAD45720218F8F00C7692B /* Supporting Files */ = {
			isa = PBXGroup;
			children = (
				F3EAD4452021882D00C7692B /* AppDelegate.swift */,
				F3EAD44C2021882D00C7692B /* Assets.xcassets */,
				F3EAD44E2021882D00C7692B /* LaunchScreen.storyboard */,
				F3EAD4512021882D00C7692B /* Info.plist */,
			);
			name = "Supporting Files";
			sourceTree = "<group>";
		};
		F3EAD45820218F9A00C7692B /* Controller */ = {
			isa = PBXGroup;
			children = (
				F3EAD4472021882D00C7692B /* ConcentrationVC.swift */,
			);
			name = Controller;
			sourceTree = "<group>";
		};
		F3EAD45920218FA200C7692B /* View */ = {
			isa = PBXGroup;
			children = (
				F3EAD4492021882D00C7692B /* Main.storyboard */,
			);
			name = View;
			sourceTree = "<group>";
		};
		F3EAD45A20218FAA00C7692B /* Model */ = {
			isa = PBXGroup;
			children = (
			);
			name = Model;
			sourceTree = "<group>";
		};
/* End PBXGroup section */

/* Begin PBXNativeTarget section */
		F3EAD4412021882D00C7692B /* Concentration */ = {
			isa = PBXNativeTarget;
			buildConfigurationList = F3EAD4542021882D00C7692B /* Build configuration list for PBXNativeTarget "Concentration" */;
			buildPhases = (
				F3EAD43E2021882D00C7692B /* Sources */,
				F3EAD43F2021882D00C7692B /* Frameworks */,
				F3EAD4402021882D00C7692B /* Resources */,
			);
			buildRules = (
			);
			dependencies = (
			);
			name = Concentration;
			productName = Concentration;
			productReference = F3EAD4422021882D00C7692B /* Concentration.app */;
			productType = "com.apple.product-type.application";
		};
/* End PBXNativeTarget section */

/* Begin PBXProject section */
		F3EAD43A2021882D00C7692B /* Project object */ = {
			isa = PBXProject;
			attributes = {
				LastSwiftUpdateCheck = 0810;
				LastUpgradeCheck = 0810;
				ORGANIZATIONNAME = "Ulan Assanov";
				TargetAttributes = {
					F3EAD4412021882D00C7692B = {
						CreatedOnToolsVersion = 8.1;
						DevelopmentTeam = Z7W7MKQUV7;
						ProvisioningStyle = Automatic;
					};
				};
			};
			buildConfigurationList = F3EAD43D2021882D00C7692B /* Build configuration list for PBXProject "Concentration" */;
			compatibilityVersion = "Xcode 3.2";
			developmentRegion = English;
			hasScannedForEncodings = 0;
			knownRegions = (
				en,
				Base,
			);
			mainGroup = F3EAD4392021882D00C7692B;
			productRefGroup = F3EAD4432021882D00C7692B /* Products */;
			projectDirPath = "";
			projectRoot = "";
			targets = (
				F3EAD4412021882D00C7692B /* Concentration */,
			);
		};
/* End PBXProject section */

/* Begin PBXResourcesBuildPhase section */
		F3EAD4402021882D00C7692B /* Resources */ = {
			isa = PBXResourcesBuildPhase;
			buildActionMask = 2147483647;
			files = (
				F3EAD4502021882D00C7692B /* LaunchScreen.storyboard in Resources */,
				F3EAD44D2021882D00C7692B /* Assets.xcassets in Resources */,
				F3EAD44B2021882D00C7692B /* Main.storyboard in Resources */,
			);
			runOnlyForDeploymentPostprocessing = 0;
		};
/* End PBXResourcesBuildPhase section */

/* Begin PBXSourcesBuildPhase section */
		F3EAD43E2021882D00C7692B /* Sources */ = {
			isa = PBXSourcesBuildPhase;
			buildActionMask = 2147483647;
			files = (
				F3EAD4482021882D00C7692B /* ConcentrationVC.swift in Sources */,
				F3EAD4462021882D00C7692B /* AppDelegate.swift in Sources */,
			);
			runOnlyForDeploymentPostprocessing = 0;
		};
/* End PBXSourcesBuildPhase section */

/* Begin PBXVariantGroup section */
		F3EAD4492021882D00C7692B /* Main.storyboard */ = {
			isa = PBXVariantGroup;
			children = (
				F3EAD44A2021882D00C7692B /* Base */,
			);
			name = Main.storyboard;
			sourceTree = "<group>";
		};
		F3EAD44E2021882D00C7692B /* LaunchScreen.storyboard */ = {
			isa = PBXVariantGroup;
			children = (
				F3EAD44F2021882D00C7692B /* Base */,
			);
			name = LaunchScreen.storyboard;
			sourceTree = "<group>";
		};
/* End PBXVariantGroup section */

/* Begin XCBuildConfiguration section */
		F3EAD4522021882D00C7692B /* Debug */ = {
			isa = XCBuildConfiguration;
			buildSettings = {
				ALWAYS_SEARCH_USER_PATHS = NO;
				CLANG_ANALYZER_NONNULL = YES;
				CLANG_CXX_LANGUAGE_STANDARD = "gnu++0x";
				CLANG_CXX_LIBRARY = "libc++";
				CLANG_ENABLE_MODULES = YES;
				CLANG_ENABLE_OBJC_ARC = YES;
				CLANG_WARN_BOOL_CONVERSION = YES;
				CLANG_WARN_CONSTANT_CONVERSION = YES;
				CLANG_WARN_DIRECT_OBJC_ISA_USAGE = YES_ERROR;
				CLANG_WARN_DOCUMENTATION_COMMENTS = YES;
				CLANG_WARN_EMPTY_BODY = YES;
				CLANG_WARN_ENUM_CONVERSION = YES;
				CLANG_WARN_INFINITE_RECURSION = YES;
				CLANG_WARN_INT_CONVERSION = YES;
				CLANG_WARN_OBJC_ROOT_CLASS = YES_ERROR;
				CLANG_WARN_SUSPICIOUS_MOVES = YES;
				CLANG_WARN_UNREACHABLE_CODE = YES;
				CLANG_WARN__DUPLICATE_METHOD_MATCH = YES;
				"CODE_SIGN_IDENTITY[sdk=iphoneos*]" = "iPhone Developer";
				COPY_PHASE_STRIP = NO;
				DEBUG_INFORMATION_FORMAT = dwarf;
				ENABLE_STRICT_OBJC_MSGSEND = YES;
				ENABLE_TESTABILITY = YES;
				GCC_C_LANGUAGE_STANDARD = gnu99;
				GCC_DYNAMIC_NO_PIC = NO;
				GCC_NO_COMMON_BLOCKS = YES;
				GCC_OPTIMIZATION_LEVEL = 0;
				GCC_PREPROCESSOR_DEFINITIONS = (
					"DEBUG=1",
					"$(inherited)",
				);
				GCC_WARN_64_TO_32_BIT_CONVERSION = YES;
				GCC_WARN_ABOUT_RETURN_TYPE = YES_ERROR;
				GCC_WARN_UNDECLARED_SELECTOR = YES;
				GCC_WARN_UNINITIALIZED_AUTOS = YES_AGGRESSIVE;
				GCC_WARN_UNUSED_FUNCTION = YES;
				GCC_WARN_UNUSED_VARIABLE = YES;
				IPHONEOS_DEPLOYMENT_TARGET = 10.1;
				MTL_ENABLE_DEBUG_INFO = YES;
				ONLY_ACTIVE_ARCH = YES;
				SDKROOT = iphoneos;
				SWIFT_ACTIVE_COMPILATION_CONDITIONS = DEBUG;
				SWIFT_OPTIMIZATION_LEVEL = "-Onone";
				TARGETED_DEVICE_FAMILY = "1,2";
			};
			name = Debug;
		};
		F3EAD4532021882D00C7692B /* Release */ = {
			isa = XCBuildConfiguration;
			buildSettings = {
				ALWAYS_SEARCH_USER_PATHS = NO;
				CLANG_ANALYZER_NONNULL = YES;
				CLANG_CXX_LANGUAGE_STANDARD = "gnu++0x";
				CLANG_CXX_LIBRARY = "libc++";
				CLANG_ENABLE_MODULES = YES;
				CLANG_ENABLE_OBJC_ARC = YES;
				CLANG_WARN_BOOL_CONVERSION = YES;
				CLANG_WARN_CONSTANT_CONVERSION = YES;
				CLANG_WARN_DIRECT_OBJC_ISA_USAGE = YES_ERROR;
				CLANG_WARN_DOCUMENTATION_COMMENTS = YES;
				CLANG_WARN_EMPTY_BODY = YES;
				CLANG_WARN_ENUM_CONVERSION = YES;
				CLANG_WARN_INFINITE_RECURSION = YES;
				CLANG_WARN_INT_CONVERSION = YES;
				CLANG_WARN_OBJC_ROOT_CLASS = YES_ERROR;
				CLANG_WARN_SUSPICIOUS_MOVES = YES;
				CLANG_WARN_UNREACHABLE_CODE = YES;
				CLANG_WARN__DUPLICATE_METHOD_MATCH = YES;
				"CODE_SIGN_IDENTITY[sdk=iphoneos*]" = "iPhone Developer";
				COPY_PHASE_STRIP = NO;
				DEBUG_INFORMATION_FORMAT = "dwarf-with-dsym";
				ENABLE_NS_ASSERTIONS = NO;
				ENABLE_STRICT_OBJC_MSGSEND = YES;
				GCC_C_LANGUAGE_STANDARD = gnu99;
				GCC_NO_COMMON_BLOCKS = YES;
				GCC_WARN_64_TO_32_BIT_CONVERSION = YES;
				GCC_WARN_ABOUT_RETURN_TYPE = YES_ERROR;
				GCC_WARN_UNDECLARED_SELECTOR = YES;
				GCC_WARN_UNINITIALIZED_AUTOS = YES_AGGRESSIVE;
				GCC_WARN_UNUSED_FUNCTION = YES;
				GCC_WARN_UNUSED_VARIABLE = YES;
				IPHONEOS_DEPLOYMENT_TARGET = 10.1;
				MTL_ENABLE_DEBUG_INFO = NO;
				SDKROOT = iphoneos;
				SWIFT_OPTIMIZATION_LEVEL = "-Owholemodule";
				TARGETED_DEVICE_FAMILY = "1,2";
				VALIDATE_PRODUCT = YES;
			};
			name = Release;
		};
		F3EAD4552021882D00C7692B /* Debug */ = {
			isa = XCBuildConfiguration;
			buildSettings = {
				ASSETCATALOG_COMPILER_APPICON_NAME = AppIcon;
				DEVELOPMENT_TEAM = Z7W7MKQUV7;
				INFOPLIST_FILE = Concentration/Info.plist;
				LD_RUNPATH_SEARCH_PATHS = "$(inherited) @executable_path/Frameworks";
				PRODUCT_BUNDLE_IDENTIFIER = com.grit.demo.Concentration;
				PRODUCT_NAME = "$(TARGET_NAME)";
				SWIFT_VERSION = 3.0;
			};
			name = Debug;
		};
		F3EAD4562021882D00C7692B /* Release */ = {
			isa = XCBuildConfiguration;
			buildSettings = {
				ASSETCATALOG_COMPILER_APPICON_NAME = AppIcon;
				DEVELOPMENT_TEAM = Z7W7MKQUV7;
				INFOPLIST_FILE = Concentration/Info.plist;
				LD_RUNPATH_SEARCH_PATHS = "$(inherited) @executable_path/Frameworks";
				PRODUCT_BUNDLE_IDENTIFIER = com.grit.demo.Concentration;
				PRODUCT_NAME = "$(TARGET_NAME)";
				SWIFT_VERSION = 3.0;
			};
			name = Release;
		};
/* End XCBuildConfiguration section */

/* Begin XCConfigurationList section */
		F3EAD43D2021882D00C7692B /* Build configuration list for PBXProject "Concentration" */ = {
			isa = XCConfigurationList;
			buildConfigurations = (
				F3EAD4522021882D00C7692B /* Debug */,
				F3EAD4532021882D00C7692B /* Release */,
			);
			defaultConfigurationIsVisible = 0;
			defaultConfigurationName = Release;
		};
		F3EAD4542021882D00C7692B /* Build configuration list for PBXNativeTarget "Concentration" */ = {
			isa = XCConfigurationList;
			buildConfigurations = (
				F3EAD4552021882D00C7692B /* Debug */,
				F3EAD4562021882D00C7692B /* Release */,
			);
			defaultConfigurationIsVisible = 0;
		};
/* End XCConfigurationList section */
	};
	rootObject = F3EAD43A2021882D00C7692B /* Project object */;
}
